{
  "version": 4,
  "terraform_version": "0.12.9",
  "serial": 70,
  "lineage": "a13e6172-aabb-03a0-0adf-f7da79531a70",
  "outputs": {},
  "resources": [
    {
      "mode": "data",
      "type": "google_compute_image",
      "name": "search",
      "provider": "provider.google",
      "instances": [
        {
          "schema_version": 0,
          "attributes": {
            "archive_size_bytes": 5951069440,
            "creation_timestamp": "2019-09-27T17:00:04.897-07:00",
            "description": "Google, Container-Optimized OS, 77-12371.76.0 stable, Kernel: ChromiumOS-4.19.72 Kubernetes: 1.15.3 Docker: 19.03.1 Family: cos-stable, Secure Boot ready",
            "disk_size_gb": 10,
            "family": "cos-stable",
            "id": "gce-uefi-images/family/cos-stable",
            "image_encryption_key_sha256": "",
            "image_id": "128855094163872876",
            "label_fingerprint": "YYT6fLoB_f4=",
            "labels": {
              "cos_image": "true"
            },
            "licenses": [
              "https://www.googleapis.com/compute/v1/projects/cos-cloud-shielded/global/licenses/shielded-cos",
              "https://www.googleapis.com/compute/v1/projects/cos-cloud/global/licenses/cos",
              "https://www.googleapis.com/compute/v1/projects/cos-cloud/global/licenses/cos-pcid"
            ],
            "name": "cos-stable-77-12371-76-0",
            "project": "gce-uefi-images",
            "self_link": "https://www.googleapis.com/compute/v1/projects/gce-uefi-images/global/images/cos-stable-77-12371-76-0",
            "source_disk": "",
            "source_disk_encryption_key_sha256": "",
            "source_disk_id": "",
            "source_image_id": "",
            "status": "READY"
          }
        }
      ]
    },
    {
      "mode": "managed",
      "type": "google_compute_instance",
      "name": "vm_instance",
      "provider": "provider.google",
      "instances": [
        {
          "schema_version": 6,
          "attributes": {
            "allow_stopping_for_update": null,
            "attached_disk": [],
            "boot_disk": [
              {
                "auto_delete": true,
                "device_name": "persistent-disk-0",
                "disk_encryption_key_raw": "",
                "disk_encryption_key_sha256": "",
                "initialize_params": [
                  {
                    "image": "https://www.googleapis.com/compute/v1/projects/gce-uefi-images/global/images/cos-stable-77-12371-76-0",
                    "labels": {},
                    "size": 10,
                    "type": "pd-standard"
                  }
                ],
                "kms_key_self_link": "",
                "mode": "READ_WRITE",
                "source": "https://www.googleapis.com/compute/v1/projects/bot-host-253711/zones/europe-west2-a/disks/ricardo-instance"
              }
            ],
            "can_ip_forward": false,
            "cpu_platform": "Intel Broadwell",
            "deletion_protection": false,
            "description": "",
            "disk": [],
            "guest_accelerator": [],
            "hostname": "",
            "id": "ricardo-instance",
            "instance_id": "8309483576347515248",
            "label_fingerprint": "42WmSpB8rSM=",
            "labels": null,
            "machine_type": "f1-micro",
            "metadata": {
              "sshKeys": "barrett370:ssh-rsa AAAAB3NzaC1yc2EAAAADAQABAAABAQC750jH3Jmfy4vl1Z2EEGsf8HCSRnmIDkMEkVAx4kj6+T+9MDsuP0z2nJNiG4u4LiiSlhPQTfBo/lh40ct7FTy4L4uroH5QFKjogSZhnP5JP2UnuT4TuikBepPhNMCS0nxW4GWFPE94KEEa1CQOfByvVIyzKc0JlBH0Gy8EyIDUQF8YdR+LoD8Eyz3ZlL+ujhYxE37Xw8J77dPKZHldLS5Iv2zqKgY++IceQFhSLYNY4Qo74wwkL6YeOpj3XxScbTYl2oKf3f/FG9DkU0aiV0MMp/8q0JwPgNIhs+Z/ENBRaRryKs3KgmIRWG3rUtqhC8BQ+5o19Ln9VpcBbMPzUIQh sam@pop-os\n",
              "startup-script": "            docker login -u \"gitlab-gcloud-deployment\" -p \"yK6Z8hU_pQTyshes5avX\" registry.gitlab.com\n            docker run registry.gitlab.com/chasbob/ricardo-bot:latest\n"
            },
            "metadata_fingerprint": "tDRmFx7oY_k=",
            "metadata_startup_script": null,
            "min_cpu_platform": "",
            "name": "ricardo-instance",
            "network_interface": [
              {
                "access_config": [
                  {
                    "assigned_nat_ip": "",
                    "nat_ip": "35.246.45.80",
                    "network_tier": "PREMIUM",
                    "public_ptr_domain_name": ""
                  }
                ],
                "address": "",
                "alias_ip_range": [],
                "name": "nic0",
                "network": "https://www.googleapis.com/compute/v1/projects/bot-host-253711/global/networks/default",
                "network_ip": "10.154.0.21",
                "subnetwork": "https://www.googleapis.com/compute/v1/projects/bot-host-253711/regions/europe-west2/subnetworks/default",
                "subnetwork_project": "bot-host-253711"
              }
            ],
            "project": "bot-host-253711",
            "scheduling": [
              {
                "automatic_restart": true,
                "node_affinities": [],
                "on_host_maintenance": "MIGRATE",
                "preemptible": false
              }
            ],
            "scratch_disk": [],
            "self_link": "https://www.googleapis.com/compute/v1/projects/bot-host-253711/zones/europe-west2-a/instances/ricardo-instance",
            "service_account": [],
            "shielded_instance_config": [
              {
                "enable_integrity_monitoring": true,
                "enable_secure_boot": false,
                "enable_vtpm": true
              }
            ],
            "tags": null,
            "tags_fingerprint": "42WmSpB8rSM=",
            "timeouts": null,
            "zone": "europe-west2-a"
          },
          "private": "eyJlMmJmYjczMC1lY2FhLTExZTYtOGY4OC0zNDM2M2JjN2M0YzAiOnsiY3JlYXRlIjoxMjAwMDAwMDAwMDAwLCJkZWxldGUiOjEyMDAwMDAwMDAwMDAsInVwZGF0ZSI6MTIwMDAwMDAwMDAwMH0sInNjaGVtYV92ZXJzaW9uIjoiNiJ9",
          "depends_on": [
            "data.google_compute_image.search"
          ]
        }
      ]
    }
  ]
}
