{
  "version": 4,
  "terraform_version": "0.13.4",
  "serial": 6,
  "lineage": "b247ca87-fa20-5b69-2a67-1f8d55df1a03",
  "outputs": {},
  "resources": [
    {
      "mode": "data",
      "type": "google_compute_image",
      "name": "search",
      "provider": "provider[\"registry.terraform.io/hashicorp/google\"]",
      "instances": [
        {
          "schema_version": 0,
          "attributes": {
            "archive_size_bytes": 1145510208,
            "creation_timestamp": "2020-10-19T16:18:55.267-07:00",
            "description": "Google, Container-Optimized OS, 85-13310.1041.24 stable, Kernel: ChromiumOS-5.4.49 Kubernetes: 1.18.9 Docker: 19.03.9 Family: cos-stable, supports Shielded VM features, supports Confidential VM features on N2D",
            "disk_size_gb": 10,
            "family": "cos-stable",
            "filter": null,
            "id": "projects/gce-uefi-images/global/images/cos-stable-85-13310-1041-24",
            "image_encryption_key_sha256": "",
            "image_id": "4494218398760411185",
            "label_fingerprint": "YYT6fLoB_f4=",
            "labels": {
              "cos_image": "true"
            },
            "licenses": [
              "https://www.googleapis.com/compute/v1/projects/cos-cloud/global/licenses/cos",
              "https://www.googleapis.com/compute/v1/projects/cos-cloud-shielded/global/licenses/shielded-cos",
              "https://www.googleapis.com/compute/v1/projects/cos-cloud/global/licenses/cos-pcid"
            ],
            "name": "cos-stable-85-13310-1041-24",
            "project": "gce-uefi-images",
            "self_link": "https://www.googleapis.com/compute/v1/projects/gce-uefi-images/global/images/cos-stable-85-13310-1041-24",
            "source_disk": "",
            "source_disk_encryption_key_sha256": "",
            "source_disk_id": "",
            "source_image_id": "",
            "status": "READY"
          }
        }
      ]
    },
    {
      "mode": "managed",
      "type": "google_compute_instance",
      "name": "vm_instance",
      "provider": "provider[\"registry.terraform.io/hashicorp/google\"]",
      "instances": [
        {
          "schema_version": 6,
          "attributes": {
            "allow_stopping_for_update": null,
            "attached_disk": [],
            "boot_disk": [
              {
                "auto_delete": true,
                "device_name": "persistent-disk-0",
                "disk_encryption_key_raw": "",
                "disk_encryption_key_sha256": "",
                "initialize_params": [
                  {
                    "image": "https://www.googleapis.com/compute/v1/projects/gce-uefi-images/global/images/cos-stable-85-13310-1041-24",
                    "labels": {},
                    "size": 10,
                    "type": "pd-standard"
                  }
                ],
                "kms_key_self_link": "",
                "mode": "READ_WRITE",
                "source": "https://www.googleapis.com/compute/v1/projects/bot-host-253711/zones/us-west1-a/disks/ricardo-instance"
              }
            ],
            "can_ip_forward": false,
            "cpu_platform": "Intel Broadwell",
            "current_status": "RUNNING",
            "deletion_protection": false,
            "description": "",
            "desired_status": null,
            "enable_display": false,
            "guest_accelerator": [],
            "hostname": "",
            "id": "projects/bot-host-253711/zones/us-west1-a/instances/ricardo-instance",
            "instance_id": "1906568089743327756",
            "label_fingerprint": "42WmSpB8rSM=",
            "labels": null,
            "machine_type": "f1-micro",
            "metadata": {
              "sshKeys": "barrett370:ssh-rsa AAAAB3NzaC1yc2EAAAADAQABAAABAQC750jH3Jmfy4vl1Z2EEGsf8HCSRnmIDkMEkVAx4kj6+T+9MDsuP0z2nJNiG4u4LiiSlhPQTfBo/lh40ct7FTy4L4uroH5QFKjogSZhnP5JP2UnuT4TuikBepPhNMCS0nxW4GWFPE94KEEa1CQOfByvVIyzKc0JlBH0Gy8EyIDUQF8YdR+LoD8Eyz3ZlL+ujhYxE37Xw8J77dPKZHldLS5Iv2zqKgY++IceQFhSLYNY4Qo74wwkL6YeOpj3XxScbTYl2oKf3f/FG9DkU0aiV0MMp/8q0JwPgNIhs+Z/ENBRaRryKs3KgmIRWG3rUtqhC8BQ+5o19Ln9VpcBbMPzUIQh sam@pop-os"
            },
            "metadata_fingerprint": "ty33gdOuXKs=",
            "metadata_startup_script": "#!/bin/bash\nsudo useradd foo \u0026\u0026 sudo usermod -a -G docker foo\necho \"847673c5470004d229500f08214a3ae386fa1b40\" | sudo -u foo bash -c 'docker login -u barrett370 --password-stdin docker.pkg.github.com'\nsudo -u foo bash -c 'docker run  --restart unless-stopped docker.pkg.github.com/barrett370/ricardo-bot/ricardo:master'\n",
            "min_cpu_platform": "",
            "name": "ricardo-instance",
            "network_interface": [
              {
                "access_config": [
                  {
                    "nat_ip": "35.212.224.119",
                    "network_tier": "STANDARD",
                    "public_ptr_domain_name": ""
                  }
                ],
                "alias_ip_range": [],
                "name": "nic0",
                "network": "https://www.googleapis.com/compute/v1/projects/bot-host-253711/global/networks/default",
                "network_ip": "10.138.0.16",
                "subnetwork": "https://www.googleapis.com/compute/v1/projects/bot-host-253711/regions/us-west1/subnetworks/default",
                "subnetwork_project": "bot-host-253711"
              }
            ],
            "project": "bot-host-253711",
            "resource_policies": null,
            "scheduling": [
              {
                "automatic_restart": true,
                "node_affinities": [],
                "on_host_maintenance": "MIGRATE",
                "preemptible": false
              }
            ],
            "scratch_disk": [],
            "self_link": "https://www.googleapis.com/compute/v1/projects/bot-host-253711/zones/us-west1-a/instances/ricardo-instance",
            "service_account": [],
            "shielded_instance_config": [
              {
                "enable_integrity_monitoring": true,
                "enable_secure_boot": false,
                "enable_vtpm": true
              }
            ],
            "tags": null,
            "tags_fingerprint": "42WmSpB8rSM=",
            "timeouts": null,
            "zone": "us-west1-a"
          },
          "private": "eyJlMmJmYjczMC1lY2FhLTExZTYtOGY4OC0zNDM2M2JjN2M0YzAiOnsiY3JlYXRlIjoxMjAwMDAwMDAwMDAwLCJkZWxldGUiOjEyMDAwMDAwMDAwMDAsInVwZGF0ZSI6MTIwMDAwMDAwMDAwMH0sInNjaGVtYV92ZXJzaW9uIjoiNiJ9",
          "dependencies": [
            "data.google_compute_image.search"
          ]
        }
      ]
    }
  ]
}
